
Microsoft Visual Studio Solution File, Format Version 12.00
# Visual Studio Version 16
VisualStudioVersion = 16.0.31321.278
MinimumVisualStudioVersion = 10.0.40219.1
Project("{2150E333-8FDC-42A3-9474-1A3956D46DE8}") = "src", "src", "{0F1F4303-6591-4661-9D51-E78E80952828}"
EndProject
Project("{2150E333-8FDC-42A3-9474-1A3956D46DE8}") = "Building Blocks", "Building Blocks", "{CA680593-B59B-464A-A9ED-F30F7703E27F}"
EndProject
Project("{2150E333-8FDC-42A3-9474-1A3956D46DE8}") = "Services", "Services", "{85CF7910-7A24-4316-8DF9-433E3F6EA425}"
EndProject
Project("{2150E333-8FDC-42A3-9474-1A3956D46DE8}") = "Web", "Web", "{D8484A49-F6C9-47FF-BD5B-15B9C2380C54}"
EndProject
Project("{2150E333-8FDC-42A3-9474-1A3956D46DE8}") = "Identidade", "Identidade", "{3E890668-7A20-4A40-93B0-07308C65153B}"
EndProject
Project("{9A19103F-16F7-4668-BE54-9A1E7A4F7556}") = "NSE.Identidade.API", "src\services\NSE.Identidade.API\NSE.Identidade.API.csproj", "{682F590C-0C78-4043-8BB9-6E50E7C6D949}"
EndProject
Project("{2150E333-8FDC-42A3-9474-1A3956D46DE8}") = "MVC", "MVC", "{1EB2F1A9-8921-4DC7-8150-4B40A6EB63BF}"
EndProject
Project("{9A19103F-16F7-4668-BE54-9A1E7A4F7556}") = "NSE.WebApp.MVC", "src\web\NSE.WebApp.MVC\NSE.WebApp.MVC.csproj", "{2976158C-FB98-4036-B355-1EAE6F941E53}"
EndProject
Project("{2150E333-8FDC-42A3-9474-1A3956D46DE8}") = "Core", "Core", "{6874FC8C-E9BF-4983-8CA2-EB7279D0F52A}"
EndProject
Project("{9A19103F-16F7-4668-BE54-9A1E7A4F7556}") = "NSE.Core", "src\building blocks\NSE.Core\NSE.Core.csproj", "{9268C630-134D-4D81-AF7D-AE55F0CAF9E4}"
EndProject
Project("{2150E333-8FDC-42A3-9474-1A3956D46DE8}") = "Carrinho", "Carrinho", "{AD764872-F5EA-47BB-859A-E8B7A17010D9}"
EndProject
Project("{2150E333-8FDC-42A3-9474-1A3956D46DE8}") = "Catalogo", "Catalogo", "{0C671C7B-61D1-4CC9-8519-0D4AE2F41F2C}"
EndProject
Project("{2150E333-8FDC-42A3-9474-1A3956D46DE8}") = "Cliente", "Cliente", "{8C6C0037-05CE-484A-9DBB-85F9E1E364B9}"
EndProject
Project("{2150E333-8FDC-42A3-9474-1A3956D46DE8}") = "Pagamento", "Pagamento", "{A455A659-3552-4729-BA84-C66792EC0A14}"
EndProject
Project("{2150E333-8FDC-42A3-9474-1A3956D46DE8}") = "Pedido", "Pedido", "{F73E491C-98EA-4474-B738-CA0B1AE2E90F}"
EndProject
Project("{9A19103F-16F7-4668-BE54-9A1E7A4F7556}") = "NSE.Carrinho.API", "src\services\NSE.Carrinho.API\NSE.Carrinho.API.csproj", "{4EBE5AD0-1A4E-4261-92C9-60E123DD40E8}"
EndProject
Project("{9A19103F-16F7-4668-BE54-9A1E7A4F7556}") = "NSE.Catalogo.API", "src\services\NSE.Catalogo.API\NSE.Catalogo.API.csproj", "{4093790B-8198-4172-9022-59CB3012BC14}"
EndProject
Project("{9A19103F-16F7-4668-BE54-9A1E7A4F7556}") = "NSE.Cliente.API", "src\services\NSE.Cliente.API\NSE.Cliente.API.csproj", "{891C9882-1AF9-4B6E-AD01-25E19A0797BB}"
EndProject
Project("{9A19103F-16F7-4668-BE54-9A1E7A4F7556}") = "NSE.Pagamento.API", "src\services\NSE.Pagamento.API\NSE.Pagamento.API.csproj", "{E25BB0C8-5AD6-4DDE-83D9-5DE95F22908F}"
EndProject
Project("{9A19103F-16F7-4668-BE54-9A1E7A4F7556}") = "NSE.Pedido.API", "src\services\NSE.Pedido.API\NSE.Pedido.API.csproj", "{6BB61D64-41C3-4084-A357-EA022BB82954}"
EndProject
Project("{FAE04EC0-301F-11D3-BF4B-00C04F79EFBC}") = "NSE.WebAPI.Core", "src\building blocks\NSE.WebAPI.Core\NSE.WebAPI.Core.csproj", "{7F95324C-B606-4E07-AE03-F31E7E9EDE4F}"
EndProject
Global
	GlobalSection(SolutionConfigurationPlatforms) = preSolution
		Debug|Any CPU = Debug|Any CPU
		Release|Any CPU = Release|Any CPU
	EndGlobalSection
	GlobalSection(ProjectConfigurationPlatforms) = postSolution
		{682F590C-0C78-4043-8BB9-6E50E7C6D949}.Debug|Any CPU.ActiveCfg = Debug|Any CPU
		{682F590C-0C78-4043-8BB9-6E50E7C6D949}.Debug|Any CPU.Build.0 = Debug|Any CPU
		{682F590C-0C78-4043-8BB9-6E50E7C6D949}.Release|Any CPU.ActiveCfg = Release|Any CPU
		{682F590C-0C78-4043-8BB9-6E50E7C6D949}.Release|Any CPU.Build.0 = Release|Any CPU
		{2976158C-FB98-4036-B355-1EAE6F941E53}.Debug|Any CPU.ActiveCfg = Debug|Any CPU
		{2976158C-FB98-4036-B355-1EAE6F941E53}.Debug|Any CPU.Build.0 = Debug|Any CPU
		{2976158C-FB98-4036-B355-1EAE6F941E53}.Release|Any CPU.ActiveCfg = Release|Any CPU
		{2976158C-FB98-4036-B355-1EAE6F941E53}.Release|Any CPU.Build.0 = Release|Any CPU
		{9268C630-134D-4D81-AF7D-AE55F0CAF9E4}.Debug|Any CPU.ActiveCfg = Debug|Any CPU
		{9268C630-134D-4D81-AF7D-AE55F0CAF9E4}.Debug|Any CPU.Build.0 = Debug|Any CPU
		{9268C630-134D-4D81-AF7D-AE55F0CAF9E4}.Release|Any CPU.ActiveCfg = Release|Any CPU
		{9268C630-134D-4D81-AF7D-AE55F0CAF9E4}.Release|Any CPU.Build.0 = Release|Any CPU
		{4EBE5AD0-1A4E-4261-92C9-60E123DD40E8}.Debug|Any CPU.ActiveCfg = Debug|Any CPU
		{4EBE5AD0-1A4E-4261-92C9-60E123DD40E8}.Debug|Any CPU.Build.0 = Debug|Any CPU
		{4EBE5AD0-1A4E-4261-92C9-60E123DD40E8}.Release|Any CPU.ActiveCfg = Release|Any CPU
		{4EBE5AD0-1A4E-4261-92C9-60E123DD40E8}.Release|Any CPU.Build.0 = Release|Any CPU
		{4093790B-8198-4172-9022-59CB3012BC14}.Debug|Any CPU.ActiveCfg = Debug|Any CPU
		{4093790B-8198-4172-9022-59CB3012BC14}.Debug|Any CPU.Build.0 = Debug|Any CPU
		{4093790B-8198-4172-9022-59CB3012BC14}.Release|Any CPU.ActiveCfg = Release|Any CPU
		{4093790B-8198-4172-9022-59CB3012BC14}.Release|Any CPU.Build.0 = Release|Any CPU
		{891C9882-1AF9-4B6E-AD01-25E19A0797BB}.Debug|Any CPU.ActiveCfg = Debug|Any CPU
		{891C9882-1AF9-4B6E-AD01-25E19A0797BB}.Debug|Any CPU.Build.0 = Debug|Any CPU
		{891C9882-1AF9-4B6E-AD01-25E19A0797BB}.Release|Any CPU.ActiveCfg = Release|Any CPU
		{891C9882-1AF9-4B6E-AD01-25E19A0797BB}.Release|Any CPU.Build.0 = Release|Any CPU
		{E25BB0C8-5AD6-4DDE-83D9-5DE95F22908F}.Debug|Any CPU.ActiveCfg = Debug|Any CPU
		{E25BB0C8-5AD6-4DDE-83D9-5DE95F22908F}.Debug|Any CPU.Build.0 = Debug|Any CPU
		{E25BB0C8-5AD6-4DDE-83D9-5DE95F22908F}.Release|Any CPU.ActiveCfg = Release|Any CPU
		{E25BB0C8-5AD6-4DDE-83D9-5DE95F22908F}.Release|Any CPU.Build.0 = Release|Any CPU
		{6BB61D64-41C3-4084-A357-EA022BB82954}.Debug|Any CPU.ActiveCfg = Debug|Any CPU
		{6BB61D64-41C3-4084-A357-EA022BB82954}.Debug|Any CPU.Build.0 = Debug|Any CPU
		{6BB61D64-41C3-4084-A357-EA022BB82954}.Release|Any CPU.ActiveCfg = Release|Any CPU
		{6BB61D64-41C3-4084-A357-EA022BB82954}.Release|Any CPU.Build.0 = Release|Any CPU
		{7F95324C-B606-4E07-AE03-F31E7E9EDE4F}.Debug|Any CPU.ActiveCfg = Debug|Any CPU
		{7F95324C-B606-4E07-AE03-F31E7E9EDE4F}.Debug|Any CPU.Build.0 = Debug|Any CPU
		{7F95324C-B606-4E07-AE03-F31E7E9EDE4F}.Release|Any CPU.ActiveCfg = Release|Any CPU
		{7F95324C-B606-4E07-AE03-F31E7E9EDE4F}.Release|Any CPU.Build.0 = Release|Any CPU
	EndGlobalSection
	GlobalSection(SolutionProperties) = preSolution
		HideSolutionNode = FALSE
	EndGlobalSection
	GlobalSection(NestedProjects) = preSolution
		{CA680593-B59B-464A-A9ED-F30F7703E27F} = {0F1F4303-6591-4661-9D51-E78E80952828}
		{85CF7910-7A24-4316-8DF9-433E3F6EA425} = {0F1F4303-6591-4661-9D51-E78E80952828}
		{D8484A49-F6C9-47FF-BD5B-15B9C2380C54} = {0F1F4303-6591-4661-9D51-E78E80952828}
		{3E890668-7A20-4A40-93B0-07308C65153B} = {85CF7910-7A24-4316-8DF9-433E3F6EA425}
		{682F590C-0C78-4043-8BB9-6E50E7C6D949} = {3E890668-7A20-4A40-93B0-07308C65153B}
		{1EB2F1A9-8921-4DC7-8150-4B40A6EB63BF} = {D8484A49-F6C9-47FF-BD5B-15B9C2380C54}
		{2976158C-FB98-4036-B355-1EAE6F941E53} = {1EB2F1A9-8921-4DC7-8150-4B40A6EB63BF}
		{6874FC8C-E9BF-4983-8CA2-EB7279D0F52A} = {CA680593-B59B-464A-A9ED-F30F7703E27F}
		{9268C630-134D-4D81-AF7D-AE55F0CAF9E4} = {6874FC8C-E9BF-4983-8CA2-EB7279D0F52A}
		{AD764872-F5EA-47BB-859A-E8B7A17010D9} = {85CF7910-7A24-4316-8DF9-433E3F6EA425}
		{0C671C7B-61D1-4CC9-8519-0D4AE2F41F2C} = {85CF7910-7A24-4316-8DF9-433E3F6EA425}
		{8C6C0037-05CE-484A-9DBB-85F9E1E364B9} = {85CF7910-7A24-4316-8DF9-433E3F6EA425}
		{A455A659-3552-4729-BA84-C66792EC0A14} = {85CF7910-7A24-4316-8DF9-433E3F6EA425}
		{F73E491C-98EA-4474-B738-CA0B1AE2E90F} = {85CF7910-7A24-4316-8DF9-433E3F6EA425}
		{4EBE5AD0-1A4E-4261-92C9-60E123DD40E8} = {AD764872-F5EA-47BB-859A-E8B7A17010D9}
		{4093790B-8198-4172-9022-59CB3012BC14} = {0C671C7B-61D1-4CC9-8519-0D4AE2F41F2C}
		{891C9882-1AF9-4B6E-AD01-25E19A0797BB} = {8C6C0037-05CE-484A-9DBB-85F9E1E364B9}
		{E25BB0C8-5AD6-4DDE-83D9-5DE95F22908F} = {A455A659-3552-4729-BA84-C66792EC0A14}
		{6BB61D64-41C3-4084-A357-EA022BB82954} = {F73E491C-98EA-4474-B738-CA0B1AE2E90F}
		{7F95324C-B606-4E07-AE03-F31E7E9EDE4F} = {CA680593-B59B-464A-A9ED-F30F7703E27F}
	EndGlobalSection
	GlobalSection(ExtensibilityGlobals) = postSolution
		SolutionGuid = {E02655F0-364C-43DF-9466-9C8F51E59AC8}
	EndGlobalSection
EndGlobal
